
Microsoft Visual Studio Solution File, Format Version 12.00
# Visual Studio Version 16
VisualStudioVersion = 16.0.29613.14
MinimumVisualStudioVersion = 10.0.40219.1
Project("{FAE04EC0-301F-11D3-BF4B-00C04F79EFBC}") = "FMProjectCode", "FMProjectCode.csproj", "{AAE90969-20ED-468F-986D-A07188C1558B}"
EndProject
Global
	GlobalSection(SolutionConfigurationPlatforms) = preSolution
		Debug|Any CPU = Debug|Any CPU
		Release|Any CPU = Release|Any CPU
	EndGlobalSection
	GlobalSection(ProjectConfigurationPlatforms) = postSolution
		{AAE90969-20ED-468F-986D-A07188C1558B}.Debug|Any CPU.ActiveCfg = Debug|Any CPU
		{AAE90969-20ED-468F-986D-A07188C1558B}.Debug|Any CPU.Build.0 = Debug|Any CPU
		{AAE90969-20ED-468F-986D-A07188C1558B}.Release|Any CPU.ActiveCfg = Release|Any CPU
		{AAE90969-20ED-468F-986D-A07188C1558B}.Release|Any CPU.Build.0 = Release|Any CPU
	EndGlobalSection
	GlobalSection(SolutionProperties) = preSolution
		HideSolutionNode = FALSE
	EndGlobalSection
	GlobalSection(ExtensibilityGlobals) = postSolution
		SolutionGuid = {C23EE4A6-A325-4E8A-A22B-91D895CAE2B2}
	EndGlobalSection
EndGlobal
